
Microsoft Visual Studio Solution File, Format Version 12.00
# Visual Studio Version 17
VisualStudioVersion = 17.9.34616.47
MinimumVisualStudioVersion = 10.0.40219.1
Project("{FAE04EC0-301F-11D3-BF4B-00C04F79EFBC}") = "u24758354_Prac2", "u24758354_Prac2.csproj", "{E4372E7C-2968-48AC-BF8A-E4502FBDD962}"
EndProject
Global
	GlobalSection(SolutionConfigurationPlatforms) = preSolution
		Debug|Any CPU = Debug|Any CPU
		Release|Any CPU = Release|Any CPU
	EndGlobalSection
	GlobalSection(ProjectConfigurationPlatforms) = postSolution
		{E4372E7C-2968-48AC-BF8A-E4502FBDD962}.Debug|Any CPU.ActiveCfg = Debug|Any CPU
		{E4372E7C-2968-48AC-BF8A-E4502FBDD962}.Debug|Any CPU.Build.0 = Debug|Any CPU
		{E4372E7C-2968-48AC-BF8A-E4502FBDD962}.Release|Any CPU.ActiveCfg = Release|Any CPU
		{E4372E7C-2968-48AC-BF8A-E4502FBDD962}.Release|Any CPU.Build.0 = Release|Any CPU
	EndGlobalSection
	GlobalSection(SolutionProperties) = preSolution
		HideSolutionNode = FALSE
	EndGlobalSection
	GlobalSection(ExtensibilityGlobals) = postSolution
		SolutionGuid = {6DA35844-A1C7-4042-8CF1-8261C406D5E4}
	EndGlobalSection
EndGlobal
